
Microsoft Visual Studio Solution File, Format Version 12.00
# Visual Studio Version 17
VisualStudioVersion = 17.9.34622.214
MinimumVisualStudioVersion = 10.0.40219.1
Project("{9A19103F-16F7-4668-BE54-9A1E7A4F7556}") = "Lesson 1", "OOP\Lesson 1.csproj", "{89AF8CDC-24CC-4166-BEBC-EF48CB11708A}"
EndProject
Project("{9A19103F-16F7-4668-BE54-9A1E7A4F7556}") = "Lesson 3", "Lesson 3\Lesson 3.csproj", "{6E5FD8C9-5C10-47D1-9D7F-B8CFBA4C3C3E}"
EndProject
Project("{9A19103F-16F7-4668-BE54-9A1E7A4F7556}") = "Lesson 2", "Lesson 2\Lesson 2.csproj", "{8035B850-D6D6-497D-95DA-DD927CF9FC1D}"
EndProject
Project("{FAE04EC0-301F-11D3-BF4B-00C04F79EFBC}") = "Lesson 4", "Lesson 4\Lesson 4.csproj", "{A7FE7C26-0E27-42EF-87C9-E902AD1ACCD3}"
EndProject
Global
	GlobalSection(SolutionConfigurationPlatforms) = preSolution
		Debug|Any CPU = Debug|Any CPU
		Release|Any CPU = Release|Any CPU
	EndGlobalSection
	GlobalSection(ProjectConfigurationPlatforms) = postSolution
		{89AF8CDC-24CC-4166-BEBC-EF48CB11708A}.Debug|Any CPU.ActiveCfg = Debug|Any CPU
		{89AF8CDC-24CC-4166-BEBC-EF48CB11708A}.Debug|Any CPU.Build.0 = Debug|Any CPU
		{89AF8CDC-24CC-4166-BEBC-EF48CB11708A}.Release|Any CPU.ActiveCfg = Release|Any CPU
		{89AF8CDC-24CC-4166-BEBC-EF48CB11708A}.Release|Any CPU.Build.0 = Release|Any CPU
		{6E5FD8C9-5C10-47D1-9D7F-B8CFBA4C3C3E}.Debug|Any CPU.ActiveCfg = Debug|Any CPU
		{6E5FD8C9-5C10-47D1-9D7F-B8CFBA4C3C3E}.Debug|Any CPU.Build.0 = Debug|Any CPU
		{6E5FD8C9-5C10-47D1-9D7F-B8CFBA4C3C3E}.Release|Any CPU.ActiveCfg = Release|Any CPU
		{6E5FD8C9-5C10-47D1-9D7F-B8CFBA4C3C3E}.Release|Any CPU.Build.0 = Release|Any CPU
		{8035B850-D6D6-497D-95DA-DD927CF9FC1D}.Debug|Any CPU.ActiveCfg = Debug|Any CPU
		{8035B850-D6D6-497D-95DA-DD927CF9FC1D}.Debug|Any CPU.Build.0 = Debug|Any CPU
		{8035B850-D6D6-497D-95DA-DD927CF9FC1D}.Release|Any CPU.ActiveCfg = Release|Any CPU
		{8035B850-D6D6-497D-95DA-DD927CF9FC1D}.Release|Any CPU.Build.0 = Release|Any CPU
		{A7FE7C26-0E27-42EF-87C9-E902AD1ACCD3}.Debug|Any CPU.ActiveCfg = Debug|Any CPU
		{A7FE7C26-0E27-42EF-87C9-E902AD1ACCD3}.Debug|Any CPU.Build.0 = Debug|Any CPU
		{A7FE7C26-0E27-42EF-87C9-E902AD1ACCD3}.Release|Any CPU.ActiveCfg = Release|Any CPU
		{A7FE7C26-0E27-42EF-87C9-E902AD1ACCD3}.Release|Any CPU.Build.0 = Release|Any CPU
	EndGlobalSection
	GlobalSection(SolutionProperties) = preSolution
		HideSolutionNode = FALSE
	EndGlobalSection
	GlobalSection(ExtensibilityGlobals) = postSolution
		SolutionGuid = {47D23C28-D7E3-41B0-BC38-A867E9585B96}
	EndGlobalSection
EndGlobal
