
Microsoft Visual Studio Solution File, Format Version 12.00
# Visual Studio Version 17
VisualStudioVersion = 17.9.34622.214
MinimumVisualStudioVersion = 10.0.40219.1
Project("{FAE04EC0-301F-11D3-BF4B-00C04F79EFBC}") = "OOP", "OOP\OOP.csproj", "{89AF8CDC-24CC-4166-BEBC-EF48CB11708A}"
EndProject
Global
	GlobalSection(SolutionConfigurationPlatforms) = preSolution
		Debug|Any CPU = Debug|Any CPU
		Release|Any CPU = Release|Any CPU
	EndGlobalSection
	GlobalSection(ProjectConfigurationPlatforms) = postSolution
		{89AF8CDC-24CC-4166-BEBC-EF48CB11708A}.Debug|Any CPU.ActiveCfg = Debug|Any CPU
		{89AF8CDC-24CC-4166-BEBC-EF48CB11708A}.Debug|Any CPU.Build.0 = Debug|Any CPU
		{89AF8CDC-24CC-4166-BEBC-EF48CB11708A}.Release|Any CPU.ActiveCfg = Release|Any CPU
		{89AF8CDC-24CC-4166-BEBC-EF48CB11708A}.Release|Any CPU.Build.0 = Release|Any CPU
	EndGlobalSection
	GlobalSection(SolutionProperties) = preSolution
		HideSolutionNode = FALSE
	EndGlobalSection
	GlobalSection(ExtensibilityGlobals) = postSolution
		SolutionGuid = {47D23C28-D7E3-41B0-BC38-A867E9585B96}
	EndGlobalSection
EndGlobal
