
Microsoft Visual Studio Solution File, Format Version 12.00
# Visual Studio Version 17
VisualStudioVersion = 17.9.34622.214
MinimumVisualStudioVersion = 10.0.40219.1
Project("{9A19103F-16F7-4668-BE54-9A1E7A4F7556}") = "Lesson 1", "OOP\Lesson 1.csproj", "{89AF8CDC-24CC-4166-BEBC-EF48CB11708A}"
EndProject
Project("{9A19103F-16F7-4668-BE54-9A1E7A4F7556}") = "Lesson 3", "Lesson 3\Lesson 3.csproj", "{6E5FD8C9-5C10-47D1-9D7F-B8CFBA4C3C3E}"
EndProject
Project("{9A19103F-16F7-4668-BE54-9A1E7A4F7556}") = "Lesson 2", "Lesson 2\Lesson 2.csproj", "{8035B850-D6D6-497D-95DA-DD927CF9FC1D}"
EndProject
Project("{9A19103F-16F7-4668-BE54-9A1E7A4F7556}") = "Lesson 4", "Lesson 4\Lesson 4.csproj", "{A7FE7C26-0E27-42EF-87C9-E902AD1ACCD3}"
EndProject
Project("{9A19103F-16F7-4668-BE54-9A1E7A4F7556}") = "Lesson 6", "Lesson 6\Lesson 6.csproj", "{6ACF7D42-6482-4DA4-A51E-93432EA706EF}"
EndProject
Project("{9A19103F-16F7-4668-BE54-9A1E7A4F7556}") = "Lesson 9", "Lesson 9\Lesson 9.csproj", "{ED4FD093-1E8A-4A84-BE3E-76857288F29A}"
EndProject
Project("{9A19103F-16F7-4668-BE54-9A1E7A4F7556}") = "Lesson10", "Lesson10\Lesson10.csproj", "{7925FF72-9356-48EC-8B88-06532874FEC0}"
EndProject
Project("{9A19103F-16F7-4668-BE54-9A1E7A4F7556}") = "Lesson18", "Lesson18\Lesson18.csproj", "{C6B993F0-7BB0-4F3E-A719-F9FF568C7565}"
EndProject
Project("{9A19103F-16F7-4668-BE54-9A1E7A4F7556}") = "Lesson21", "Lesson21\Lesson21.csproj", "{1063CE11-0D4A-4BA6-B390-A840A192B744}"
EndProject
Project("{9A19103F-16F7-4668-BE54-9A1E7A4F7556}") = "Lesson20", "Lesson20\Lesson20.csproj", "{66047B40-BF57-4ACB-B3C0-049D46D849D8}"
EndProject
Project("{9A19103F-16F7-4668-BE54-9A1E7A4F7556}") = "Lesson 22", "Lesson 22\Lesson 22.csproj", "{6AA326AA-6106-43E7-9BA6-BD499D622D77}"
EndProject
Project("{9A19103F-16F7-4668-BE54-9A1E7A4F7556}") = "Lesson 23", "Lesson 23\Lesson 23.csproj", "{DA209B0F-25D8-413E-B3BD-65E6249CD402}"
EndProject
Project("{9A19103F-16F7-4668-BE54-9A1E7A4F7556}") = "Lesson 24", "Lesson 24\Lesson 24.csproj", "{4909B2EA-642C-4363-B663-BDC8A1AC7514}"
EndProject
Project("{9A19103F-16F7-4668-BE54-9A1E7A4F7556}") = "Lesson 19.2", "Lesson 19.2\Lesson 19.2.csproj", "{349292B2-BA9E-4C0A-97C5-62113CFEB063}"
EndProject
Project("{9A19103F-16F7-4668-BE54-9A1E7A4F7556}") = "Lesson 11", "Lesson 11\Lesson 11.csproj", "{BB67B89F-E5F9-4D92-B288-E6A3B72F39AE}"
EndProject
Project("{9A19103F-16F7-4668-BE54-9A1E7A4F7556}") = "Lesson 13", "Lesson 13\Lesson 13.csproj", "{D094049F-859B-4BBB-89C9-072394B996D9}"
EndProject
Project("{9A19103F-16F7-4668-BE54-9A1E7A4F7556}") = "Lesson 16.1", "Lesson 16.1\Lesson 16.1.csproj", "{9B181382-9DEB-4C0E-88F9-BF22C8D581DC}"
EndProject
Project("{9A19103F-16F7-4668-BE54-9A1E7A4F7556}") = "Lesson 16.2", "Lesson 16.2\Lesson 16.2.csproj", "{DF8BB5E6-D3D1-440A-A2F0-281481B4D717}"
EndProject
Project("{9A19103F-16F7-4668-BE54-9A1E7A4F7556}") = "Lesson 17", "Lesson 25.1\Lesson 17.csproj", "{99609D63-647B-4C21-B7FE-D6E8528DA02D}"
EndProject
Project("{9A19103F-16F7-4668-BE54-9A1E7A4F7556}") = "Lesson 26", "Lesson 26\Lesson 26.csproj", "{99FFAE57-D98C-4CBF-84CE-D08DD79BB14D}"
EndProject
Project("{FAE04EC0-301F-11D3-BF4B-00C04F79EFBC}") = "Lesson 25", "Lesson 25\Lesson 25.csproj", "{D177A308-0AFA-4B8E-B12C-DD4F834DD78E}"
EndProject
Project("{9A19103F-16F7-4668-BE54-9A1E7A4F7556}") = "Lesson 26.2", "Lesson 26.2\Lesson 26.2.csproj", "{121DFDDF-25B2-4B8A-B83B-4D6BDCF0FFF2}"
EndProject
Project("{9A19103F-16F7-4668-BE54-9A1E7A4F7556}") = "Lesson 26.3", "Lesson 26.3\Lesson 26.3.csproj", "{75159BF4-E884-45E7-9AE8-F228C7D3B00D}"
EndProject
Project("{9A19103F-16F7-4668-BE54-9A1E7A4F7556}") = "Lesson 26.4", "Lesson 26.4\Lesson 26.4.csproj", "{3FC342B2-C636-4BBF-A6D5-7A255DD2DD36}"
EndProject
Project("{FAE04EC0-301F-11D3-BF4B-00C04F79EFBC}") = "Lesson 27", "Lesson 27\Lesson 27.csproj", "{00C791BF-552D-4C7D-AA3B-1DEA1D92BDA4}"
EndProject
Global
	GlobalSection(SolutionConfigurationPlatforms) = preSolution
		Debug|Any CPU = Debug|Any CPU
		Release|Any CPU = Release|Any CPU
	EndGlobalSection
	GlobalSection(ProjectConfigurationPlatforms) = postSolution
		{89AF8CDC-24CC-4166-BEBC-EF48CB11708A}.Debug|Any CPU.ActiveCfg = Debug|Any CPU
		{89AF8CDC-24CC-4166-BEBC-EF48CB11708A}.Debug|Any CPU.Build.0 = Debug|Any CPU
		{89AF8CDC-24CC-4166-BEBC-EF48CB11708A}.Release|Any CPU.ActiveCfg = Release|Any CPU
		{89AF8CDC-24CC-4166-BEBC-EF48CB11708A}.Release|Any CPU.Build.0 = Release|Any CPU
		{6E5FD8C9-5C10-47D1-9D7F-B8CFBA4C3C3E}.Debug|Any CPU.ActiveCfg = Debug|Any CPU
		{6E5FD8C9-5C10-47D1-9D7F-B8CFBA4C3C3E}.Debug|Any CPU.Build.0 = Debug|Any CPU
		{6E5FD8C9-5C10-47D1-9D7F-B8CFBA4C3C3E}.Release|Any CPU.ActiveCfg = Release|Any CPU
		{6E5FD8C9-5C10-47D1-9D7F-B8CFBA4C3C3E}.Release|Any CPU.Build.0 = Release|Any CPU
		{8035B850-D6D6-497D-95DA-DD927CF9FC1D}.Debug|Any CPU.ActiveCfg = Debug|Any CPU
		{8035B850-D6D6-497D-95DA-DD927CF9FC1D}.Debug|Any CPU.Build.0 = Debug|Any CPU
		{8035B850-D6D6-497D-95DA-DD927CF9FC1D}.Release|Any CPU.ActiveCfg = Release|Any CPU
		{8035B850-D6D6-497D-95DA-DD927CF9FC1D}.Release|Any CPU.Build.0 = Release|Any CPU
		{A7FE7C26-0E27-42EF-87C9-E902AD1ACCD3}.Debug|Any CPU.ActiveCfg = Debug|Any CPU
		{A7FE7C26-0E27-42EF-87C9-E902AD1ACCD3}.Debug|Any CPU.Build.0 = Debug|Any CPU
		{A7FE7C26-0E27-42EF-87C9-E902AD1ACCD3}.Release|Any CPU.ActiveCfg = Release|Any CPU
		{A7FE7C26-0E27-42EF-87C9-E902AD1ACCD3}.Release|Any CPU.Build.0 = Release|Any CPU
		{6ACF7D42-6482-4DA4-A51E-93432EA706EF}.Debug|Any CPU.ActiveCfg = Debug|Any CPU
		{6ACF7D42-6482-4DA4-A51E-93432EA706EF}.Debug|Any CPU.Build.0 = Debug|Any CPU
		{6ACF7D42-6482-4DA4-A51E-93432EA706EF}.Release|Any CPU.ActiveCfg = Release|Any CPU
		{6ACF7D42-6482-4DA4-A51E-93432EA706EF}.Release|Any CPU.Build.0 = Release|Any CPU
		{ED4FD093-1E8A-4A84-BE3E-76857288F29A}.Debug|Any CPU.ActiveCfg = Debug|Any CPU
		{ED4FD093-1E8A-4A84-BE3E-76857288F29A}.Debug|Any CPU.Build.0 = Debug|Any CPU
		{ED4FD093-1E8A-4A84-BE3E-76857288F29A}.Release|Any CPU.ActiveCfg = Release|Any CPU
		{ED4FD093-1E8A-4A84-BE3E-76857288F29A}.Release|Any CPU.Build.0 = Release|Any CPU
		{7925FF72-9356-48EC-8B88-06532874FEC0}.Debug|Any CPU.ActiveCfg = Debug|Any CPU
		{7925FF72-9356-48EC-8B88-06532874FEC0}.Debug|Any CPU.Build.0 = Debug|Any CPU
		{7925FF72-9356-48EC-8B88-06532874FEC0}.Release|Any CPU.ActiveCfg = Release|Any CPU
		{7925FF72-9356-48EC-8B88-06532874FEC0}.Release|Any CPU.Build.0 = Release|Any CPU
		{C6B993F0-7BB0-4F3E-A719-F9FF568C7565}.Debug|Any CPU.ActiveCfg = Debug|Any CPU
		{C6B993F0-7BB0-4F3E-A719-F9FF568C7565}.Debug|Any CPU.Build.0 = Debug|Any CPU
		{C6B993F0-7BB0-4F3E-A719-F9FF568C7565}.Release|Any CPU.ActiveCfg = Release|Any CPU
		{C6B993F0-7BB0-4F3E-A719-F9FF568C7565}.Release|Any CPU.Build.0 = Release|Any CPU
		{1063CE11-0D4A-4BA6-B390-A840A192B744}.Debug|Any CPU.ActiveCfg = Debug|Any CPU
		{1063CE11-0D4A-4BA6-B390-A840A192B744}.Debug|Any CPU.Build.0 = Debug|Any CPU
		{1063CE11-0D4A-4BA6-B390-A840A192B744}.Release|Any CPU.ActiveCfg = Release|Any CPU
		{1063CE11-0D4A-4BA6-B390-A840A192B744}.Release|Any CPU.Build.0 = Release|Any CPU
		{66047B40-BF57-4ACB-B3C0-049D46D849D8}.Debug|Any CPU.ActiveCfg = Debug|Any CPU
		{66047B40-BF57-4ACB-B3C0-049D46D849D8}.Debug|Any CPU.Build.0 = Debug|Any CPU
		{66047B40-BF57-4ACB-B3C0-049D46D849D8}.Release|Any CPU.ActiveCfg = Release|Any CPU
		{66047B40-BF57-4ACB-B3C0-049D46D849D8}.Release|Any CPU.Build.0 = Release|Any CPU
		{6AA326AA-6106-43E7-9BA6-BD499D622D77}.Debug|Any CPU.ActiveCfg = Debug|Any CPU
		{6AA326AA-6106-43E7-9BA6-BD499D622D77}.Debug|Any CPU.Build.0 = Debug|Any CPU
		{6AA326AA-6106-43E7-9BA6-BD499D622D77}.Release|Any CPU.ActiveCfg = Release|Any CPU
		{6AA326AA-6106-43E7-9BA6-BD499D622D77}.Release|Any CPU.Build.0 = Release|Any CPU
		{DA209B0F-25D8-413E-B3BD-65E6249CD402}.Debug|Any CPU.ActiveCfg = Debug|Any CPU
		{DA209B0F-25D8-413E-B3BD-65E6249CD402}.Debug|Any CPU.Build.0 = Debug|Any CPU
		{DA209B0F-25D8-413E-B3BD-65E6249CD402}.Release|Any CPU.ActiveCfg = Release|Any CPU
		{DA209B0F-25D8-413E-B3BD-65E6249CD402}.Release|Any CPU.Build.0 = Release|Any CPU
		{4909B2EA-642C-4363-B663-BDC8A1AC7514}.Debug|Any CPU.ActiveCfg = Debug|Any CPU
		{4909B2EA-642C-4363-B663-BDC8A1AC7514}.Debug|Any CPU.Build.0 = Debug|Any CPU
		{4909B2EA-642C-4363-B663-BDC8A1AC7514}.Release|Any CPU.ActiveCfg = Release|Any CPU
		{4909B2EA-642C-4363-B663-BDC8A1AC7514}.Release|Any CPU.Build.0 = Release|Any CPU
		{349292B2-BA9E-4C0A-97C5-62113CFEB063}.Debug|Any CPU.ActiveCfg = Debug|Any CPU
		{349292B2-BA9E-4C0A-97C5-62113CFEB063}.Debug|Any CPU.Build.0 = Debug|Any CPU
		{349292B2-BA9E-4C0A-97C5-62113CFEB063}.Release|Any CPU.ActiveCfg = Release|Any CPU
		{349292B2-BA9E-4C0A-97C5-62113CFEB063}.Release|Any CPU.Build.0 = Release|Any CPU
		{BB67B89F-E5F9-4D92-B288-E6A3B72F39AE}.Debug|Any CPU.ActiveCfg = Debug|Any CPU
		{BB67B89F-E5F9-4D92-B288-E6A3B72F39AE}.Debug|Any CPU.Build.0 = Debug|Any CPU
		{BB67B89F-E5F9-4D92-B288-E6A3B72F39AE}.Release|Any CPU.ActiveCfg = Release|Any CPU
		{BB67B89F-E5F9-4D92-B288-E6A3B72F39AE}.Release|Any CPU.Build.0 = Release|Any CPU
		{D094049F-859B-4BBB-89C9-072394B996D9}.Debug|Any CPU.ActiveCfg = Debug|Any CPU
		{D094049F-859B-4BBB-89C9-072394B996D9}.Debug|Any CPU.Build.0 = Debug|Any CPU
		{D094049F-859B-4BBB-89C9-072394B996D9}.Release|Any CPU.ActiveCfg = Release|Any CPU
		{D094049F-859B-4BBB-89C9-072394B996D9}.Release|Any CPU.Build.0 = Release|Any CPU
		{9B181382-9DEB-4C0E-88F9-BF22C8D581DC}.Debug|Any CPU.ActiveCfg = Debug|Any CPU
		{9B181382-9DEB-4C0E-88F9-BF22C8D581DC}.Debug|Any CPU.Build.0 = Debug|Any CPU
		{9B181382-9DEB-4C0E-88F9-BF22C8D581DC}.Release|Any CPU.ActiveCfg = Release|Any CPU
		{9B181382-9DEB-4C0E-88F9-BF22C8D581DC}.Release|Any CPU.Build.0 = Release|Any CPU
		{DF8BB5E6-D3D1-440A-A2F0-281481B4D717}.Debug|Any CPU.ActiveCfg = Debug|Any CPU
		{DF8BB5E6-D3D1-440A-A2F0-281481B4D717}.Debug|Any CPU.Build.0 = Debug|Any CPU
		{DF8BB5E6-D3D1-440A-A2F0-281481B4D717}.Release|Any CPU.ActiveCfg = Release|Any CPU
		{DF8BB5E6-D3D1-440A-A2F0-281481B4D717}.Release|Any CPU.Build.0 = Release|Any CPU
		{99609D63-647B-4C21-B7FE-D6E8528DA02D}.Debug|Any CPU.ActiveCfg = Debug|Any CPU
		{99609D63-647B-4C21-B7FE-D6E8528DA02D}.Debug|Any CPU.Build.0 = Debug|Any CPU
		{99609D63-647B-4C21-B7FE-D6E8528DA02D}.Release|Any CPU.ActiveCfg = Release|Any CPU
		{99609D63-647B-4C21-B7FE-D6E8528DA02D}.Release|Any CPU.Build.0 = Release|Any CPU
		{99FFAE57-D98C-4CBF-84CE-D08DD79BB14D}.Debug|Any CPU.ActiveCfg = Debug|Any CPU
		{99FFAE57-D98C-4CBF-84CE-D08DD79BB14D}.Debug|Any CPU.Build.0 = Debug|Any CPU
		{99FFAE57-D98C-4CBF-84CE-D08DD79BB14D}.Release|Any CPU.ActiveCfg = Release|Any CPU
		{99FFAE57-D98C-4CBF-84CE-D08DD79BB14D}.Release|Any CPU.Build.0 = Release|Any CPU
		{D177A308-0AFA-4B8E-B12C-DD4F834DD78E}.Debug|Any CPU.ActiveCfg = Debug|Any CPU
		{D177A308-0AFA-4B8E-B12C-DD4F834DD78E}.Debug|Any CPU.Build.0 = Debug|Any CPU
		{D177A308-0AFA-4B8E-B12C-DD4F834DD78E}.Release|Any CPU.ActiveCfg = Release|Any CPU
		{D177A308-0AFA-4B8E-B12C-DD4F834DD78E}.Release|Any CPU.Build.0 = Release|Any CPU
		{121DFDDF-25B2-4B8A-B83B-4D6BDCF0FFF2}.Debug|Any CPU.ActiveCfg = Debug|Any CPU
		{121DFDDF-25B2-4B8A-B83B-4D6BDCF0FFF2}.Debug|Any CPU.Build.0 = Debug|Any CPU
		{121DFDDF-25B2-4B8A-B83B-4D6BDCF0FFF2}.Release|Any CPU.ActiveCfg = Release|Any CPU
		{121DFDDF-25B2-4B8A-B83B-4D6BDCF0FFF2}.Release|Any CPU.Build.0 = Release|Any CPU
		{75159BF4-E884-45E7-9AE8-F228C7D3B00D}.Debug|Any CPU.ActiveCfg = Debug|Any CPU
		{75159BF4-E884-45E7-9AE8-F228C7D3B00D}.Debug|Any CPU.Build.0 = Debug|Any CPU
		{75159BF4-E884-45E7-9AE8-F228C7D3B00D}.Release|Any CPU.ActiveCfg = Release|Any CPU
		{75159BF4-E884-45E7-9AE8-F228C7D3B00D}.Release|Any CPU.Build.0 = Release|Any CPU
		{3FC342B2-C636-4BBF-A6D5-7A255DD2DD36}.Debug|Any CPU.ActiveCfg = Debug|Any CPU
		{3FC342B2-C636-4BBF-A6D5-7A255DD2DD36}.Debug|Any CPU.Build.0 = Debug|Any CPU
		{3FC342B2-C636-4BBF-A6D5-7A255DD2DD36}.Release|Any CPU.ActiveCfg = Release|Any CPU
		{3FC342B2-C636-4BBF-A6D5-7A255DD2DD36}.Release|Any CPU.Build.0 = Release|Any CPU
		{00C791BF-552D-4C7D-AA3B-1DEA1D92BDA4}.Debug|Any CPU.ActiveCfg = Debug|Any CPU
		{00C791BF-552D-4C7D-AA3B-1DEA1D92BDA4}.Debug|Any CPU.Build.0 = Debug|Any CPU
		{00C791BF-552D-4C7D-AA3B-1DEA1D92BDA4}.Release|Any CPU.ActiveCfg = Release|Any CPU
		{00C791BF-552D-4C7D-AA3B-1DEA1D92BDA4}.Release|Any CPU.Build.0 = Release|Any CPU
	EndGlobalSection
	GlobalSection(SolutionProperties) = preSolution
		HideSolutionNode = FALSE
	EndGlobalSection
	GlobalSection(ExtensibilityGlobals) = postSolution
		SolutionGuid = {47D23C28-D7E3-41B0-BC38-A867E9585B96}
	EndGlobalSection
EndGlobal
